// !$*UTF8*$!
{
	archiveVersion = 1;
	classes = {
	};
	objectVersion = 46;
	objects = {

/* Begin PBXBuildFile section */
		665CE2B11C3F61230093DDAC /* main.m in Sources */ = {isa = PBXBuildFile; fileRef = 665CE2B01C3F61230093DDAC /* main.m */; };
		665CE2B41C3F61230093DDAC /* AppDelegate.m in Sources */ = {isa = PBXBuildFile; fileRef = 665CE2B31C3F61230093DDAC /* AppDelegate.m */; };
		665CE2B71C3F61230093DDAC /* ViewController.m in Sources */ = {isa = PBXBuildFile; fileRef = 665CE2B61C3F61230093DDAC /* ViewController.m */; };
		665CE2BA1C3F61230093DDAC /* Main.storyboard in Resources */ = {isa = PBXBuildFile; fileRef = 665CE2B81C3F61230093DDAC /* Main.storyboard */; };
		665CE2BC1C3F61230093DDAC /* Assets.xcassets in Resources */ = {isa = PBXBuildFile; fileRef = 665CE2BB1C3F61230093DDAC /* Assets.xcassets */; };
		665CE2BF1C3F61230093DDAC /* LaunchScreen.storyboard in Resources */ = {isa = PBXBuildFile; fileRef = 665CE2BD1C3F61230093DDAC /* LaunchScreen.storyboard */; };
		665CE2CC1C3F61D70093DDAC /* UIBarButtonItem+Repeat.m in Sources */ = {isa = PBXBuildFile; fileRef = 665CE2CB1C3F61D70093DDAC /* UIBarButtonItem+Repeat.m */; };
		665CE2CF1C3FAB550093DDAC /* feedBack矢量智能对象@2x.png in Resources */ = {isa = PBXBuildFile; fileRef = 665CE2CE1C3FAB550093DDAC /* feedBack矢量智能对象@2x.png */; };
		66FC16C51CA3E4FA00E43A09 /* UIControl+BR_Repeat.m in Sources */ = {isa = PBXBuildFile; fileRef = 66FC16C41CA3E4FA00E43A09 /* UIControl+BR_Repeat.m */; };
/* End PBXBuildFile section */

/* Begin PBXFileReference section */
		665CE2AC1C3F61230093DDAC /* BRUIControlRepeat.app */ = {isa = PBXFileReference; explicitFileType = wrapper.application; includeInIndex = 0; path = BRUIControlRepeat.app; sourceTree = BUILT_PRODUCTS_DIR; };
		665CE2B01C3F61230093DDAC /* main.m */ = {isa = PBXFileReference; lastKnownFileType = sourcecode.c.objc; path = main.m; sourceTree = "<group>"; };
		665CE2B21C3F61230093DDAC /* AppDelegate.h */ = {isa = PBXFileReference; lastKnownFileType = sourcecode.c.h; path = AppDelegate.h; sourceTree = "<group>"; };
		665CE2B31C3F61230093DDAC /* AppDelegate.m */ = {isa = PBXFileReference; lastKnownFileType = sourcecode.c.objc; path = AppDelegate.m; sourceTree = "<group>"; };
		665CE2B51C3F61230093DDAC /* ViewController.h */ = {isa = PBXFileReference; lastKnownFileType = sourcecode.c.h; path = ViewController.h; sourceTree = "<group>"; };
		665CE2B61C3F61230093DDAC /* ViewController.m */ = {isa = PBXFileReference; lastKnownFileType = sourcecode.c.objc; path = ViewController.m; sourceTree = "<group>"; };
		665CE2B91C3F61230093DDAC /* Base */ = {isa = PBXFileReference; lastKnownFileType = file.storyboard; name = Base; path = Base.lproj/Main.storyboard; sourceTree = "<group>"; };
		665CE2BB1C3F61230093DDAC /* Assets.xcassets */ = {isa = PBXFileReference; lastKnownFileType = folder.assetcatalog; path = Assets.xcassets; sourceTree = "<group>"; };
		665CE2BE1C3F61230093DDAC /* Base */ = {isa = PBXFileReference; lastKnownFileType = file.storyboard; name = Base; path = Base.lproj/LaunchScreen.storyboard; sourceTree = "<group>"; };
		665CE2C01C3F61230093DDAC /* Info.plist */ = {isa = PBXFileReference; lastKnownFileType = text.plist.xml; path = Info.plist; sourceTree = "<group>"; };
		665CE2CA1C3F61D70093DDAC /* UIBarButtonItem+Repeat.h */ = {isa = PBXFileReference; fileEncoding = 4; lastKnownFileType = sourcecode.c.h; path = "UIBarButtonItem+Repeat.h"; sourceTree = "<group>"; };
		665CE2CB1C3F61D70093DDAC /* UIBarButtonItem+Repeat.m */ = {isa = PBXFileReference; fileEncoding = 4; lastKnownFileType = sourcecode.c.objc; path = "UIBarButtonItem+Repeat.m"; sourceTree = "<group>"; };
		665CE2CE1C3FAB550093DDAC /* feedBack矢量智能对象@2x.png */ = {isa = PBXFileReference; lastKnownFileType = image.png; path = "feedBack矢量智能对象@2x.png"; sourceTree = "<group>"; };
		66FC16C21CA3E12800E43A09 /* BRRepeatDefine.h */ = {isa = PBXFileReference; fileEncoding = 4; lastKnownFileType = sourcecode.c.h; path = BRRepeatDefine.h; sourceTree = "<group>"; };
		66FC16C31CA3E4FA00E43A09 /* UIControl+BR_Repeat.h */ = {isa = PBXFileReference; fileEncoding = 4; lastKnownFileType = sourcecode.c.h; path = "UIControl+BR_Repeat.h"; sourceTree = "<group>"; };
		66FC16C41CA3E4FA00E43A09 /* UIControl+BR_Repeat.m */ = {isa = PBXFileReference; fileEncoding = 4; lastKnownFileType = sourcecode.c.objc; path = "UIControl+BR_Repeat.m"; sourceTree = "<group>"; };
/* End PBXFileReference section */

/* Begin PBXFrameworksBuildPhase section */
		665CE2A91C3F61230093DDAC /* Frameworks */ = {
			isa = PBXFrameworksBuildPhase;
			buildActionMask = 2147483647;
			files = (
			);
			runOnlyForDeploymentPostprocessing = 0;
		};
/* End PBXFrameworksBuildPhase section */

/* Begin PBXGroup section */
		665CE2A31C3F61230093DDAC = {
			isa = PBXGroup;
			children = (
				665CE2AE1C3F61230093DDAC /* BRUIControlRepeat */,
				665CE2AD1C3F61230093DDAC /* Products */,
			);
			sourceTree = "<group>";
		};
		665CE2AD1C3F61230093DDAC /* Products */ = {
			isa = PBXGroup;
			children = (
				665CE2AC1C3F61230093DDAC /* BRUIControlRepeat.app */,
			);
			name = Products;
			sourceTree = "<group>";
		};
		665CE2AE1C3F61230093DDAC /* BRUIControlRepeat */ = {
			isa = PBXGroup;
			children = (
				665CE2CE1C3FAB550093DDAC /* feedBack矢量智能对象@2x.png */,
				665CE2C61C3F61650093DDAC /* Catory */,
				665CE2B21C3F61230093DDAC /* AppDelegate.h */,
				665CE2B31C3F61230093DDAC /* AppDelegate.m */,
				665CE2B51C3F61230093DDAC /* ViewController.h */,
				665CE2B61C3F61230093DDAC /* ViewController.m */,
				665CE2B81C3F61230093DDAC /* Main.storyboard */,
				665CE2BB1C3F61230093DDAC /* Assets.xcassets */,
				665CE2BD1C3F61230093DDAC /* LaunchScreen.storyboard */,
				665CE2C01C3F61230093DDAC /* Info.plist */,
				665CE2AF1C3F61230093DDAC /* Supporting Files */,
			);
			path = BRUIControlRepeat;
			sourceTree = "<group>";
		};
		665CE2AF1C3F61230093DDAC /* Supporting Files */ = {
			isa = PBXGroup;
			children = (
				665CE2B01C3F61230093DDAC /* main.m */,
			);
			name = "Supporting Files";
			sourceTree = "<group>";
		};
		665CE2C61C3F61650093DDAC /* Catory */ = {
			isa = PBXGroup;
			children = (
				66FC16C31CA3E4FA00E43A09 /* UIControl+BR_Repeat.h */,
				66FC16C41CA3E4FA00E43A09 /* UIControl+BR_Repeat.m */,
				665CE2CA1C3F61D70093DDAC /* UIBarButtonItem+Repeat.h */,
				665CE2CB1C3F61D70093DDAC /* UIBarButtonItem+Repeat.m */,
				66FC16C21CA3E12800E43A09 /* BRRepeatDefine.h */,
			);
			path = Catory;
			sourceTree = "<group>";
		};
/* End PBXGroup section */

/* Begin PBXNativeTarget section */
		665CE2AB1C3F61230093DDAC /* BRUIControlRepeat */ = {
			isa = PBXNativeTarget;
			buildConfigurationList = 665CE2C31C3F61230093DDAC /* Build configuration list for PBXNativeTarget "BRUIControlRepeat" */;
			buildPhases = (
				665CE2A81C3F61230093DDAC /* Sources */,
				665CE2A91C3F61230093DDAC /* Frameworks */,
				665CE2AA1C3F61230093DDAC /* Resources */,
			);
			buildRules = (
			);
			dependencies = (
			);
			name = BRUIControlRepeat;
			productName = BRUIControlRepeat;
			productReference = 665CE2AC1C3F61230093DDAC /* BRUIControlRepeat.app */;
			productType = "com.apple.product-type.application";
		};
/* End PBXNativeTarget section */

/* Begin PBXProject section */
		665CE2A41C3F61230093DDAC /* Project object */ = {
			isa = PBXProject;
			attributes = {
				LastUpgradeCheck = 0720;
				ORGANIZATIONNAME = BR;
				TargetAttributes = {
					665CE2AB1C3F61230093DDAC = {
						CreatedOnToolsVersion = 7.2;
					};
				};
			};
			buildConfigurationList = 665CE2A71C3F61230093DDAC /* Build configuration list for PBXProject "BRUIControlRepeat" */;
			compatibilityVersion = "Xcode 3.2";
			developmentRegion = English;
			hasScannedForEncodings = 0;
			knownRegions = (
				en,
				Base,
			);
			mainGroup = 665CE2A31C3F61230093DDAC;
			productRefGroup = 665CE2AD1C3F61230093DDAC /* Products */;
			projectDirPath = "";
			projectRoot = "";
			targets = (
				665CE2AB1C3F61230093DDAC /* BRUIControlRepeat */,
			);
		};
/* End PBXProject section */

/* Begin PBXResourcesBuildPhase section */
		665CE2AA1C3F61230093DDAC /* Resources */ = {
			isa = PBXResourcesBuildPhase;
			buildActionMask = 2147483647;
			files = (
				665CE2BF1C3F61230093DDAC /* LaunchScreen.storyboard in Resources */,
				665CE2CF1C3FAB550093DDAC /* feedBack矢量智能对象@2x.png in Resources */,
				665CE2BC1C3F61230093DDAC /* Assets.xcassets in Resources */,
				665CE2BA1C3F61230093DDAC /* Main.storyboard in Resources */,
			);
			runOnlyForDeploymentPostprocessing = 0;
		};
/* End PBXResourcesBuildPhase section */

/* Begin PBXSourcesBuildPhase section */
		665CE2A81C3F61230093DDAC /* Sources */ = {
			isa = PBXSourcesBuildPhase;
			buildActionMask = 2147483647;
			files = (
				665CE2B71C3F61230093DDAC /* ViewController.m in Sources */,
				66FC16C51CA3E4FA00E43A09 /* UIControl+BR_Repeat.m in Sources */,
				665CE2B41C3F61230093DDAC /* AppDelegate.m in Sources */,
				665CE2CC1C3F61D70093DDAC /* UIBarButtonItem+Repeat.m in Sources */,
				665CE2B11C3F61230093DDAC /* main.m in Sources */,
			);
			runOnlyForDeploymentPostprocessing = 0;
		};
/* End PBXSourcesBuildPhase section */

/* Begin PBXVariantGroup section */
		665CE2B81C3F61230093DDAC /* Main.storyboard */ = {
			isa = PBXVariantGroup;
			children = (
				665CE2B91C3F61230093DDAC /* Base */,
			);
			name = Main.storyboard;
			sourceTree = "<group>";
		};
		665CE2BD1C3F61230093DDAC /* LaunchScreen.storyboard */ = {
			isa = PBXVariantGroup;
			children = (
				665CE2BE1C3F61230093DDAC /* Base */,
			);
			name = LaunchScreen.storyboard;
			sourceTree = "<group>";
		};
/* End PBXVariantGroup section */

/* Begin XCBuildConfiguration section */
		665CE2C11C3F61230093DDAC /* Debug */ = {
			isa = XCBuildConfiguration;
			buildSettings = {
				ALWAYS_SEARCH_USER_PATHS = NO;
				CLANG_CXX_LANGUAGE_STANDARD = "gnu++0x";
				CLANG_CXX_LIBRARY = "libc++";
				CLANG_ENABLE_MODULES = YES;
				CLANG_ENABLE_OBJC_ARC = YES;
				CLANG_WARN_BOOL_CONVERSION = YES;
				CLANG_WARN_CONSTANT_CONVERSION = YES;
				CLANG_WARN_DIRECT_OBJC_ISA_USAGE = YES_ERROR;
				CLANG_WARN_EMPTY_BODY = YES;
				CLANG_WARN_ENUM_CONVERSION = YES;
				CLANG_WARN_INT_CONVERSION = YES;
				CLANG_WARN_OBJC_ROOT_CLASS = YES_ERROR;
				CLANG_WARN_UNREACHABLE_CODE = YES;
				CLANG_WARN__DUPLICATE_METHOD_MATCH = YES;
				"CODE_SIGN_IDENTITY[sdk=iphoneos*]" = "iPhone Developer";
				COPY_PHASE_STRIP = NO;
				DEBUG_INFORMATION_FORMAT = dwarf;
				ENABLE_STRICT_OBJC_MSGSEND = YES;
				ENABLE_TESTABILITY = YES;
				GCC_C_LANGUAGE_STANDARD = gnu99;
				GCC_DYNAMIC_NO_PIC = NO;
				GCC_NO_COMMON_BLOCKS = YES;
				GCC_OPTIMIZATION_LEVEL = 0;
				GCC_PREPROCESSOR_DEFINITIONS = (
					"DEBUG=1",
					"$(inherited)",
				);
				GCC_WARN_64_TO_32_BIT_CONVERSION = YES;
				GCC_WARN_ABOUT_RETURN_TYPE = YES_ERROR;
				GCC_WARN_UNDECLARED_SELECTOR = YES;
				GCC_WARN_UNINITIALIZED_AUTOS = YES_AGGRESSIVE;
				GCC_WARN_UNUSED_FUNCTION = YES;
				GCC_WARN_UNUSED_VARIABLE = YES;
				IPHONEOS_DEPLOYMENT_TARGET = 9.2;
				MTL_ENABLE_DEBUG_INFO = YES;
				ONLY_ACTIVE_ARCH = YES;
				SDKROOT = iphoneos;
			};
			name = Debug;
		};
		665CE2C21C3F61230093DDAC /* Release */ = {
			isa = XCBuildConfiguration;
			buildSettings = {
				ALWAYS_SEARCH_USER_PATHS = NO;
				CLANG_CXX_LANGUAGE_STANDARD = "gnu++0x";
				CLANG_CXX_LIBRARY = "libc++";
				CLANG_ENABLE_MODULES = YES;
				CLANG_ENABLE_OBJC_ARC = YES;
				CLANG_WARN_BOOL_CONVERSION = YES;
				CLANG_WARN_CONSTANT_CONVERSION = YES;
				CLANG_WARN_DIRECT_OBJC_ISA_USAGE = YES_ERROR;
				CLANG_WARN_EMPTY_BODY = YES;
				CLANG_WARN_ENUM_CONVERSION = YES;
				CLANG_WARN_INT_CONVERSION = YES;
				CLANG_WARN_OBJC_ROOT_CLASS = YES_ERROR;
				CLANG_WARN_UNREACHABLE_CODE = YES;
				CLANG_WARN__DUPLICATE_METHOD_MATCH = YES;
				"CODE_SIGN_IDENTITY[sdk=iphoneos*]" = "iPhone Developer";
				COPY_PHASE_STRIP = NO;
				DEBUG_INFORMATION_FORMAT = "dwarf-with-dsym";
				ENABLE_NS_ASSERTIONS = NO;
				ENABLE_STRICT_OBJC_MSGSEND = YES;
				GCC_C_LANGUAGE_STANDARD = gnu99;
				GCC_NO_COMMON_BLOCKS = YES;
				GCC_WARN_64_TO_32_BIT_CONVERSION = YES;
				GCC_WARN_ABOUT_RETURN_TYPE = YES_ERROR;
				GCC_WARN_UNDECLARED_SELECTOR = YES;
				GCC_WARN_UNINITIALIZED_AUTOS = YES_AGGRESSIVE;
				GCC_WARN_UNUSED_FUNCTION = YES;
				GCC_WARN_UNUSED_VARIABLE = YES;
				IPHONEOS_DEPLOYMENT_TARGET = 9.2;
				MTL_ENABLE_DEBUG_INFO = NO;
				SDKROOT = iphoneos;
				VALIDATE_PRODUCT = YES;
			};
			name = Release;
		};
		665CE2C41C3F61230093DDAC /* Debug */ = {
			isa = XCBuildConfiguration;
			buildSettings = {
				ASSETCATALOG_COMPILER_APPICON_NAME = AppIcon;
				INFOPLIST_FILE = BRUIControlRepeat/Info.plist;
				LD_RUNPATH_SEARCH_PATHS = "$(inherited) @executable_path/Frameworks";
				PRODUCT_BUNDLE_IDENTIFIER = zom.com.BRUIControlRepeat;
				PRODUCT_NAME = "$(TARGET_NAME)";
			};
			name = Debug;
		};
		665CE2C51C3F61230093DDAC /* Release */ = {
			isa = XCBuildConfiguration;
			buildSettings = {
				ASSETCATALOG_COMPILER_APPICON_NAME = AppIcon;
				INFOPLIST_FILE = BRUIControlRepeat/Info.plist;
				LD_RUNPATH_SEARCH_PATHS = "$(inherited) @executable_path/Frameworks";
				PRODUCT_BUNDLE_IDENTIFIER = zom.com.BRUIControlRepeat;
				PRODUCT_NAME = "$(TARGET_NAME)";
			};
			name = Release;
		};
/* End XCBuildConfiguration section */

/* Begin XCConfigurationList section */
		665CE2A71C3F61230093DDAC /* Build configuration list for PBXProject "BRUIControlRepeat" */ = {
			isa = XCConfigurationList;
			buildConfigurations = (
				665CE2C11C3F61230093DDAC /* Debug */,
				665CE2C21C3F61230093DDAC /* Release */,
			);
			defaultConfigurationIsVisible = 0;
			defaultConfigurationName = Release;
		};
		665CE2C31C3F61230093DDAC /* Build configuration list for PBXNativeTarget "BRUIControlRepeat" */ = {
			isa = XCConfigurationList;
			buildConfigurations = (
				665CE2C41C3F61230093DDAC /* Debug */,
				665CE2C51C3F61230093DDAC /* Release */,
			);
			defaultConfigurationIsVisible = 0;
			defaultConfigurationName = Release;
		};
/* End XCConfigurationList section */
	};
	rootObject = 665CE2A41C3F61230093DDAC /* Project object */;
}
